
Microsoft Visual Studio Solution File, Format Version 12.00
# Visual Studio Version 17
VisualStudioVersion = 17.7.34031.279
MinimumVisualStudioVersion = 10.0.40219.1
Project("{9A19103F-16F7-4668-BE54-9A1E7A4F7556}") = "CuestionariosOIJ.API", "CuestionariosOIJ.API\CuestionariosOIJ.API.csproj", "{C2704238-ED3E-4297-A650-CB6229186E24}"
EndProject
Project("{9A19103F-16F7-4668-BE54-9A1E7A4F7556}") = "CuestionariosOIJ.AccesoDatos", "CuestionariosOIJ.AccesoDatos\CuestionariosOIJ.AccesoDatos.csproj", "{42E87E16-5E9D-46D1-96B4-49F3F3BECE8B}"
EndProject
Project("{9A19103F-16F7-4668-BE54-9A1E7A4F7556}") = "CuestionariosOIJ.Pruebas", "CuestionariosOIJ.Pruebas\CuestionariosOIJ.Pruebas.csproj", "{F13908BE-8F20-4502-99BC-BE7BBD9C8283}"
EndProject
Project("{FAE04EC0-301F-11D3-BF4B-00C04F79EFBC}") = "CuestionariosOIJ.Entidades", "CuestionariosOIJ.Entidades\CuestionariosOIJ.Entidades.csproj", "{10AC4CB3-FE95-405D-84EF-B5F345DF1A86}"
EndProject
Project("{FAE04EC0-301F-11D3-BF4B-00C04F79EFBC}") = "CuestionariosOIJ.ReglasNegocio", "CuestionariosOIJ.ReglasNegocio\CuestionariosOIJ.ReglasNegocio.csproj", "{46C3C8FF-AADA-4604-A51B-8BCCA8647FBD}"
EndProject
Global
	GlobalSection(SolutionConfigurationPlatforms) = preSolution
		Debug|Any CPU = Debug|Any CPU
		Release|Any CPU = Release|Any CPU
	EndGlobalSection
	GlobalSection(ProjectConfigurationPlatforms) = postSolution
		{C2704238-ED3E-4297-A650-CB6229186E24}.Debug|Any CPU.ActiveCfg = Debug|Any CPU
		{C2704238-ED3E-4297-A650-CB6229186E24}.Debug|Any CPU.Build.0 = Debug|Any CPU
		{C2704238-ED3E-4297-A650-CB6229186E24}.Release|Any CPU.ActiveCfg = Release|Any CPU
		{C2704238-ED3E-4297-A650-CB6229186E24}.Release|Any CPU.Build.0 = Release|Any CPU
		{42E87E16-5E9D-46D1-96B4-49F3F3BECE8B}.Debug|Any CPU.ActiveCfg = Debug|Any CPU
		{42E87E16-5E9D-46D1-96B4-49F3F3BECE8B}.Debug|Any CPU.Build.0 = Debug|Any CPU
		{42E87E16-5E9D-46D1-96B4-49F3F3BECE8B}.Release|Any CPU.ActiveCfg = Release|Any CPU
		{42E87E16-5E9D-46D1-96B4-49F3F3BECE8B}.Release|Any CPU.Build.0 = Release|Any CPU
		{F13908BE-8F20-4502-99BC-BE7BBD9C8283}.Debug|Any CPU.ActiveCfg = Debug|Any CPU
		{F13908BE-8F20-4502-99BC-BE7BBD9C8283}.Debug|Any CPU.Build.0 = Debug|Any CPU
		{F13908BE-8F20-4502-99BC-BE7BBD9C8283}.Release|Any CPU.ActiveCfg = Release|Any CPU
		{F13908BE-8F20-4502-99BC-BE7BBD9C8283}.Release|Any CPU.Build.0 = Release|Any CPU
		{10AC4CB3-FE95-405D-84EF-B5F345DF1A86}.Debug|Any CPU.ActiveCfg = Debug|Any CPU
		{10AC4CB3-FE95-405D-84EF-B5F345DF1A86}.Debug|Any CPU.Build.0 = Debug|Any CPU
		{10AC4CB3-FE95-405D-84EF-B5F345DF1A86}.Release|Any CPU.ActiveCfg = Release|Any CPU
		{10AC4CB3-FE95-405D-84EF-B5F345DF1A86}.Release|Any CPU.Build.0 = Release|Any CPU
		{46C3C8FF-AADA-4604-A51B-8BCCA8647FBD}.Debug|Any CPU.ActiveCfg = Debug|Any CPU
		{46C3C8FF-AADA-4604-A51B-8BCCA8647FBD}.Debug|Any CPU.Build.0 = Debug|Any CPU
		{46C3C8FF-AADA-4604-A51B-8BCCA8647FBD}.Release|Any CPU.ActiveCfg = Release|Any CPU
		{46C3C8FF-AADA-4604-A51B-8BCCA8647FBD}.Release|Any CPU.Build.0 = Release|Any CPU
	EndGlobalSection
	GlobalSection(SolutionProperties) = preSolution
		HideSolutionNode = FALSE
	EndGlobalSection
	GlobalSection(ExtensibilityGlobals) = postSolution
		SolutionGuid = {FA6430AF-08E7-4843-BC68-CE035726606F}
	EndGlobalSection
EndGlobal
